
Microsoft Visual Studio Solution File, Format Version 12.00
# Visual Studio Version 16
VisualStudioVersion = 16.0.31321.278
MinimumVisualStudioVersion = 10.0.40219.1
Project("{FAE04EC0-301F-11D3-BF4B-00C04F79EFBC}") = "CSharpEnvironmentBot", "CSharpEnvironmentBot\CSharpEnvironmentBot.csproj", "{29F7AE8C-D9C4-4996-A867-08A7B28E1336}"
EndProject
Global
	GlobalSection(SolutionConfigurationPlatforms) = preSolution
		Debug|Any CPU = Debug|Any CPU
		Release|Any CPU = Release|Any CPU
	EndGlobalSection
	GlobalSection(ProjectConfigurationPlatforms) = postSolution
		{29F7AE8C-D9C4-4996-A867-08A7B28E1336}.Debug|Any CPU.ActiveCfg = Debug|Any CPU
		{29F7AE8C-D9C4-4996-A867-08A7B28E1336}.Debug|Any CPU.Build.0 = Debug|Any CPU
		{29F7AE8C-D9C4-4996-A867-08A7B28E1336}.Release|Any CPU.ActiveCfg = Release|Any CPU
		{29F7AE8C-D9C4-4996-A867-08A7B28E1336}.Release|Any CPU.Build.0 = Release|Any CPU
	EndGlobalSection
	GlobalSection(SolutionProperties) = preSolution
		HideSolutionNode = FALSE
	EndGlobalSection
	GlobalSection(ExtensibilityGlobals) = postSolution
		SolutionGuid = {288A43F1-FF0A-450D-A9EE-C864A4448E47}
	EndGlobalSection
EndGlobal
